<?xml version="1.0"?>
<CONFIG>
  <ProjectOptions>
    <Version Value="9"/>
    <PathDelim Value="\"/>
    <General>
      <MainUnit Value="0"/>
      <ResourceType Value="res"/>
      <UseXPManifest Value="True"/>
      <Icon Value="0"/>
      <ActiveWindowIndexAtStart Value="0"/>
    </General>
    <i18n>
      <EnableI18N LFM="False"/>
    </i18n>
    <VersionInfo>
      <StringTable ProductVersion=""/>
    </VersionInfo>
    <BuildModes Count="1" Active="Default">
      <Item1 Name="Default" Default="True"/>
    </BuildModes>
    <PublishOptions>
      <Version Value="2"/>
      <IncludeFileFilter Value="*.(pas|pp|inc|lfm|lpr|lrs|lpi|lpk|sh|xml)"/>
      <ExcludeFileFilter Value="*.(bak|ppu|o|so);*~;backup"/>
    </PublishOptions>
    <RunParams>
      <local>
        <FormatVersion Value="1"/>
      </local>
    </RunParams>
    <RequiredPackages Count="1">
      <Item1>
        <PackageName Value="LCL"/>
      </Item1>
    </RequiredPackages>
    <Units Count="6">
      <Unit0>
        <Filename Value="TestIO1.lpr"/>
        <IsPartOfProject Value="True"/>
        <UnitName Value="TestIO1"/>
        <UsageCount Value="20"/>
      </Unit0>
      <Unit1>
        <Filename Value="testiomain1.pas"/>
        <IsPartOfProject Value="True"/>
        <ComponentName Value="Form1"/>
        <ResourceBaseClass Value="Form"/>
        <UnitName Value="TestIOMain1"/>
        <IsVisibleTab Value="True"/>
        <EditorIndex Value="0"/>
        <WindowIndex Value="0"/>
        <TopLine Value="121"/>
        <CursorPos X="12" Y="134"/>
        <UsageCount Value="20"/>
        <Loaded Value="True"/>
        <LoadedDesigner Value="True"/>
      </Unit1>
      <Unit2>
        <Filename Value="persists1.pas"/>
        <IsPartOfProject Value="True"/>
        <UnitName Value="persists1"/>
        <EditorIndex Value="1"/>
        <WindowIndex Value="0"/>
        <TopLine Value="56"/>
        <CursorPos X="1" Y="1"/>
        <UsageCount Value="20"/>
        <Loaded Value="True"/>
      </Unit2>
      <Unit3>
        <Filename Value="textio1.pas"/>
        <IsPartOfProject Value="True"/>
        <UnitName Value="TextIO1"/>
        <EditorIndex Value="2"/>
        <WindowIndex Value="0"/>
        <TopLine Value="56"/>
        <CursorPos X="15" Y="58"/>
        <UsageCount Value="20"/>
        <Loaded Value="True"/>
      </Unit3>
      <Unit4>
        <Filename Value="generics1.pas"/>
        <IsPartOfProject Value="True"/>
        <UnitName Value="generics1"/>
        <EditorIndex Value="3"/>
        <WindowIndex Value="0"/>
        <TopLine Value="97"/>
        <CursorPos X="1" Y="1"/>
        <UsageCount Value="20"/>
        <Loaded Value="True"/>
      </Unit4>
      <Unit5>
        <Filename Value="..\MagicTracks\threepoint1.pas"/>
        <IsPartOfProject Value="True"/>
        <UnitName Value="ThreePoint1"/>
        <EditorIndex Value="4"/>
        <WindowIndex Value="0"/>
        <TopLine Value="73"/>
        <CursorPos X="1" Y="1"/>
        <UsageCount Value="20"/>
        <Loaded Value="True"/>
      </Unit5>
    </Units>
    <JumpHistory Count="30" HistoryIndex="29">
      <Position1>
        <Filename Value="testiomain1.pas"/>
        <Caret Line="66" Column="8" TopLine="40"/>
      </Position1>
      <Position2>
        <Filename Value="testiomain1.pas"/>
        <Caret Line="61" Column="21" TopLine="55"/>
      </Position2>
      <Position3>
        <Filename Value="testiomain1.pas"/>
        <Caret Line="63" Column="21" TopLine="57"/>
      </Position3>
      <Position4>
        <Filename Value="testiomain1.pas"/>
        <Caret Line="77" Column="3" TopLine="63"/>
      </Position4>
      <Position5>
        <Filename Value="testiomain1.pas"/>
        <Caret Line="48" Column="27" TopLine="33"/>
      </Position5>
      <Position6>
        <Filename Value="testiomain1.pas"/>
        <Caret Line="43" Column="2" TopLine="34"/>
      </Position6>
      <Position7>
        <Filename Value="textio1.pas"/>
        <Caret Line="21" Column="3" TopLine="11"/>
      </Position7>
      <Position8>
        <Filename Value="testiomain1.pas"/>
        <Caret Line="87" Column="7" TopLine="68"/>
      </Position8>
      <Position9>
        <Filename Value="textio1.pas"/>
        <Caret Line="73" Column="34" TopLine="16"/>
      </Position9>
      <Position10>
        <Filename Value="textio1.pas"/>
        <Caret Line="8" Column="30" TopLine="7"/>
      </Position10>
      <Position11>
        <Filename Value="textio1.pas"/>
        <Caret Line="18" Column="29" TopLine="11"/>
      </Position11>
      <Position12>
        <Filename Value="testiomain1.pas"/>
        <Caret Line="100" Column="25" TopLine="81"/>
      </Position12>
      <Position13>
        <Filename Value="testiomain1.pas"/>
        <Caret Line="112" Column="30" TopLine="87"/>
      </Position13>
      <Position14>
        <Filename Value="testiomain1.pas"/>
        <Caret Line="87" Column="1" TopLine="74"/>
      </Position14>
      <Position15>
        <Filename Value="textio1.pas"/>
        <Caret Line="67" Column="1" TopLine="54"/>
      </Position15>
      <Position16>
        <Filename Value="textio1.pas"/>
        <Caret Line="68" Column="1" TopLine="54"/>
      </Position16>
      <Position17>
        <Filename Value="testiomain1.pas"/>
        <Caret Line="87" Column="1" TopLine="74"/>
      </Position17>
      <Position18>
        <Filename Value="textio1.pas"/>
        <Caret Line="68" Column="1" TopLine="54"/>
      </Position18>
      <Position19>
        <Filename Value="testiomain1.pas"/>
        <Caret Line="80" Column="35" TopLine="74"/>
      </Position19>
      <Position20>
        <Filename Value="textio1.pas"/>
        <Caret Line="125" Column="16" TopLine="104"/>
      </Position20>
      <Position21>
        <Filename Value="textio1.pas"/>
        <Caret Line="39" Column="3" TopLine="26"/>
      </Position21>
      <Position22>
        <Filename Value="textio1.pas"/>
        <Caret Line="18" Column="1" TopLine="4"/>
      </Position22>
      <Position23>
        <Filename Value="textio1.pas"/>
        <Caret Line="58" Column="15" TopLine="45"/>
      </Position23>
      <Position24>
        <Filename Value="textio1.pas"/>
        <Caret Line="63" Column="15" TopLine="50"/>
      </Position24>
      <Position25>
        <Filename Value="textio1.pas"/>
        <Caret Line="123" Column="22" TopLine="102"/>
      </Position25>
      <Position26>
        <Filename Value="textio1.pas"/>
        <Caret Line="110" Column="14" TopLine="73"/>
      </Position26>
      <Position27>
        <Filename Value="textio1.pas"/>
        <Caret Line="23" Column="25" TopLine="16"/>
      </Position27>
      <Position28>
        <Filename Value="testiomain1.pas"/>
        <Caret Line="125" Column="16" TopLine="105"/>
      </Position28>
      <Position29>
        <Filename Value="testiomain1.pas"/>
        <Caret Line="64" Column="15" TopLine="51"/>
      </Position29>
      <Position30>
        <Filename Value="testiomain1.pas"/>
        <Caret Line="131" Column="15" TopLine="119"/>
      </Position30>
    </JumpHistory>
  </ProjectOptions>
  <CompilerOptions>
    <Version Value="9"/>
    <PathDelim Value="\"/>
    <Target>
      <Filename Value="TestIO1"/>
    </Target>
    <SearchPaths>
      <IncludeFiles Value="$(ProjOutDir)"/>
      <OtherUnitFiles Value="..\MagicTracks"/>
      <UnitOutputDirectory Value="lib\$(TargetCPU)-$(TargetOS)"/>
    </SearchPaths>
    <Linking>
      <Options>
        <Win32>
          <GraphicApplication Value="True"/>
        </Win32>
      </Options>
    </Linking>
    <Other>
      <CompilerPath Value="$(CompPath)"/>
    </Other>
  </CompilerOptions>
  <Debugging>
    <Exceptions Count="3">
      <Item1>
        <Name Value="EAbort"/>
      </Item1>
      <Item2>
        <Name Value="ECodetoolError"/>
      </Item2>
      <Item3>
        <Name Value="EFOpenError"/>
      </Item3>
    </Exceptions>
  </Debugging>
</CONFIG>
